// !$*UTF8*$!
{
	archiveVersion = 1;
	classes = {
	};
	objectVersion = 56;
	objects = {

/* Begin PBXBuildFile section */
		7673CCC429F2CAF900FD1AED /* AppDelegate.swift in Sources */ = {isa = PBXBuildFile; fileRef = 7673CCC329F2CAF900FD1AED /* AppDelegate.swift */; };
		7673CCC629F2CAF900FD1AED /* SceneDelegate.swift in Sources */ = {isa = PBXBuildFile; fileRef = 7673CCC529F2CAF900FD1AED /* SceneDelegate.swift */; };
		7673CCC829F2CAF900FD1AED /* ViewController.swift in Sources */ = {isa = PBXBuildFile; fileRef = 7673CCC729F2CAF900FD1AED /* ViewController.swift */; };
		7673CCCD29F2CAFC00FD1AED /* Assets.xcassets in Resources */ = {isa = PBXBuildFile; fileRef = 7673CCCC29F2CAFC00FD1AED /* Assets.xcassets */; };
		7673CCD029F2CAFC00FD1AED /* LaunchScreen.storyboard in Resources */ = {isa = PBXBuildFile; fileRef = 7673CCCE29F2CAFC00FD1AED /* LaunchScreen.storyboard */; };
		7673CCD929F2CB8600FD1AED /* WetherModel.swift in Sources */ = {isa = PBXBuildFile; fileRef = 7673CCD829F2CB8600FD1AED /* WetherModel.swift */; };
		7673CCDB29F2CBAF00FD1AED /* WetherData.swift in Sources */ = {isa = PBXBuildFile; fileRef = 7673CCDA29F2CBAF00FD1AED /* WetherData.swift */; };
		7673CCDD29F2CBDE00FD1AED /* WeatherManager.swift in Sources */ = {isa = PBXBuildFile; fileRef = 7673CCDC29F2CBDE00FD1AED /* WeatherManager.swift */; };
		7673CCE129F317F700FD1AED /* HeaderView.swift in Sources */ = {isa = PBXBuildFile; fileRef = 7673CCE029F317F700FD1AED /* HeaderView.swift */; };
/* End PBXBuildFile section */

/* Begin PBXFileReference section */
		7673CCC029F2CAF900FD1AED /* SevstarWetherApp.app */ = {isa = PBXFileReference; explicitFileType = wrapper.application; includeInIndex = 0; path = SevstarWetherApp.app; sourceTree = BUILT_PRODUCTS_DIR; };
		7673CCC329F2CAF900FD1AED /* AppDelegate.swift */ = {isa = PBXFileReference; lastKnownFileType = sourcecode.swift; path = AppDelegate.swift; sourceTree = "<group>"; };
		7673CCC529F2CAF900FD1AED /* SceneDelegate.swift */ = {isa = PBXFileReference; lastKnownFileType = sourcecode.swift; path = SceneDelegate.swift; sourceTree = "<group>"; };
		7673CCC729F2CAF900FD1AED /* ViewController.swift */ = {isa = PBXFileReference; lastKnownFileType = sourcecode.swift; path = ViewController.swift; sourceTree = "<group>"; };
		7673CCCC29F2CAFC00FD1AED /* Assets.xcassets */ = {isa = PBXFileReference; lastKnownFileType = folder.assetcatalog; path = Assets.xcassets; sourceTree = "<group>"; };
		7673CCCF29F2CAFC00FD1AED /* Base */ = {isa = PBXFileReference; lastKnownFileType = file.storyboard; name = Base; path = Base.lproj/LaunchScreen.storyboard; sourceTree = "<group>"; };
		7673CCD129F2CAFC00FD1AED /* Info.plist */ = {isa = PBXFileReference; lastKnownFileType = text.plist.xml; path = Info.plist; sourceTree = "<group>"; };
		7673CCD829F2CB8600FD1AED /* WetherModel.swift */ = {isa = PBXFileReference; lastKnownFileType = sourcecode.swift; path = WetherModel.swift; sourceTree = "<group>"; };
		7673CCDA29F2CBAF00FD1AED /* WetherData.swift */ = {isa = PBXFileReference; lastKnownFileType = sourcecode.swift; path = WetherData.swift; sourceTree = "<group>"; };
		7673CCDC29F2CBDE00FD1AED /* WeatherManager.swift */ = {isa = PBXFileReference; lastKnownFileType = sourcecode.swift; path = WeatherManager.swift; sourceTree = "<group>"; };
		7673CCE029F317F700FD1AED /* HeaderView.swift */ = {isa = PBXFileReference; lastKnownFileType = sourcecode.swift; path = HeaderView.swift; sourceTree = "<group>"; };
/* End PBXFileReference section */

/* Begin PBXFrameworksBuildPhase section */
		7673CCBD29F2CAF900FD1AED /* Frameworks */ = {
			isa = PBXFrameworksBuildPhase;
			buildActionMask = 2147483647;
			files = (
			);
			runOnlyForDeploymentPostprocessing = 0;
		};
/* End PBXFrameworksBuildPhase section */

/* Begin PBXGroup section */
		7673CCB729F2CAF900FD1AED = {
			isa = PBXGroup;
			children = (
				7673CCC229F2CAF900FD1AED /* SevstarWetherApp */,
				7673CCC129F2CAF900FD1AED /* Products */,
			);
			sourceTree = "<group>";
		};
		7673CCC129F2CAF900FD1AED /* Products */ = {
			isa = PBXGroup;
			children = (
				7673CCC029F2CAF900FD1AED /* SevstarWetherApp.app */,
			);
			name = Products;
			sourceTree = "<group>";
		};
		7673CCC229F2CAF900FD1AED /* SevstarWetherApp */ = {
			isa = PBXGroup;
			children = (
				7673CCD729F2CB4C00FD1AED /* Model */,
				7673CCDF29F2D5DB00FD1AED /* View */,
				7673CCDE29F2D40C00FD1AED /* Controller */,
				7673CCC329F2CAF900FD1AED /* AppDelegate.swift */,
				7673CCC529F2CAF900FD1AED /* SceneDelegate.swift */,
				7673CCCC29F2CAFC00FD1AED /* Assets.xcassets */,
				7673CCCE29F2CAFC00FD1AED /* LaunchScreen.storyboard */,
				7673CCD129F2CAFC00FD1AED /* Info.plist */,
			);
			path = SevstarWetherApp;
			sourceTree = "<group>";
		};
		7673CCD729F2CB4C00FD1AED /* Model */ = {
			isa = PBXGroup;
			children = (
				7673CCD829F2CB8600FD1AED /* WetherModel.swift */,
				7673CCDA29F2CBAF00FD1AED /* WetherData.swift */,
				7673CCDC29F2CBDE00FD1AED /* WeatherManager.swift */,
			);
			path = Model;
			sourceTree = "<group>";
		};
		7673CCDE29F2D40C00FD1AED /* Controller */ = {
			isa = PBXGroup;
			children = (
				7673CCC729F2CAF900FD1AED /* ViewController.swift */,
			);
			path = Controller;
			sourceTree = "<group>";
		};
		7673CCDF29F2D5DB00FD1AED /* View */ = {
			isa = PBXGroup;
			children = (
				7673CCE029F317F700FD1AED /* HeaderView.swift */,
			);
			path = View;
			sourceTree = "<group>";
		};
/* End PBXGroup section */

/* Begin PBXNativeTarget section */
		7673CCBF29F2CAF900FD1AED /* SevstarWetherApp */ = {
			isa = PBXNativeTarget;
			buildConfigurationList = 7673CCD429F2CAFC00FD1AED /* Build configuration list for PBXNativeTarget "SevstarWetherApp" */;
			buildPhases = (
				7673CCBC29F2CAF900FD1AED /* Sources */,
				7673CCBD29F2CAF900FD1AED /* Frameworks */,
				7673CCBE29F2CAF900FD1AED /* Resources */,
			);
			buildRules = (
			);
			dependencies = (
			);
			name = SevstarWetherApp;
			productName = SevstarWetherApp;
			productReference = 7673CCC029F2CAF900FD1AED /* SevstarWetherApp.app */;
			productType = "com.apple.product-type.application";
		};
/* End PBXNativeTarget section */

/* Begin PBXProject section */
		7673CCB829F2CAF900FD1AED /* Project object */ = {
			isa = PBXProject;
			attributes = {
				BuildIndependentTargetsInParallel = 1;
				LastSwiftUpdateCheck = 1430;
				LastUpgradeCheck = 1430;
				TargetAttributes = {
					7673CCBF29F2CAF900FD1AED = {
						CreatedOnToolsVersion = 14.3;
					};
				};
			};
			buildConfigurationList = 7673CCBB29F2CAF900FD1AED /* Build configuration list for PBXProject "SevstarWetherApp" */;
			compatibilityVersion = "Xcode 14.0";
			developmentRegion = en;
			hasScannedForEncodings = 0;
			knownRegions = (
				en,
				Base,
			);
			mainGroup = 7673CCB729F2CAF900FD1AED;
			productRefGroup = 7673CCC129F2CAF900FD1AED /* Products */;
			projectDirPath = "";
			projectRoot = "";
			targets = (
				7673CCBF29F2CAF900FD1AED /* SevstarWetherApp */,
			);
		};
/* End PBXProject section */

/* Begin PBXResourcesBuildPhase section */
		7673CCBE29F2CAF900FD1AED /* Resources */ = {
			isa = PBXResourcesBuildPhase;
			buildActionMask = 2147483647;
			files = (
				7673CCD029F2CAFC00FD1AED /* LaunchScreen.storyboard in Resources */,
				7673CCCD29F2CAFC00FD1AED /* Assets.xcassets in Resources */,
			);
			runOnlyForDeploymentPostprocessing = 0;
		};
/* End PBXResourcesBuildPhase section */

/* Begin PBXSourcesBuildPhase section */
		7673CCBC29F2CAF900FD1AED /* Sources */ = {
			isa = PBXSourcesBuildPhase;
			buildActionMask = 2147483647;
			files = (
				7673CCDD29F2CBDE00FD1AED /* WeatherManager.swift in Sources */,
				7673CCD929F2CB8600FD1AED /* WetherModel.swift in Sources */,
				7673CCDB29F2CBAF00FD1AED /* WetherData.swift in Sources */,
				7673CCC829F2CAF900FD1AED /* ViewController.swift in Sources */,
				7673CCC429F2CAF900FD1AED /* AppDelegate.swift in Sources */,
				7673CCC629F2CAF900FD1AED /* SceneDelegate.swift in Sources */,
				7673CCE129F317F700FD1AED /* HeaderView.swift in Sources */,
			);
			runOnlyForDeploymentPostprocessing = 0;
		};
/* End PBXSourcesBuildPhase section */

/* Begin PBXVariantGroup section */
		7673CCCE29F2CAFC00FD1AED /* LaunchScreen.storyboard */ = {
			isa = PBXVariantGroup;
			children = (
				7673CCCF29F2CAFC00FD1AED /* Base */,
			);
			name = LaunchScreen.storyboard;
			sourceTree = "<group>";
		};
/* End PBXVariantGroup section */

/* Begin XCBuildConfiguration section */
		7673CCD229F2CAFC00FD1AED /* Debug */ = {
			isa = XCBuildConfiguration;
			buildSettings = {
				ALWAYS_SEARCH_USER_PATHS = NO;
				CLANG_ANALYZER_NONNULL = YES;
				CLANG_ANALYZER_NUMBER_OBJECT_CONVERSION = YES_AGGRESSIVE;
				CLANG_CXX_LANGUAGE_STANDARD = "gnu++20";
				CLANG_ENABLE_MODULES = YES;
				CLANG_ENABLE_OBJC_ARC = YES;
				CLANG_ENABLE_OBJC_WEAK = YES;
				CLANG_WARN_BLOCK_CAPTURE_AUTORELEASING = YES;
				CLANG_WARN_BOOL_CONVERSION = YES;
				CLANG_WARN_COMMA = YES;
				CLANG_WARN_CONSTANT_CONVERSION = YES;
				CLANG_WARN_DEPRECATED_OBJC_IMPLEMENTATIONS = YES;
				CLANG_WARN_DIRECT_OBJC_ISA_USAGE = YES_ERROR;
				CLANG_WARN_DOCUMENTATION_COMMENTS = YES;
				CLANG_WARN_EMPTY_BODY = YES;
				CLANG_WARN_ENUM_CONVERSION = YES;
				CLANG_WARN_INFINITE_RECURSION = YES;
				CLANG_WARN_INT_CONVERSION = YES;
				CLANG_WARN_NON_LITERAL_NULL_CONVERSION = YES;
				CLANG_WARN_OBJC_IMPLICIT_RETAIN_SELF = YES;
				CLANG_WARN_OBJC_LITERAL_CONVERSION = YES;
				CLANG_WARN_OBJC_ROOT_CLASS = YES_ERROR;
				CLANG_WARN_QUOTED_INCLUDE_IN_FRAMEWORK_HEADER = YES;
				CLANG_WARN_RANGE_LOOP_ANALYSIS = YES;
				CLANG_WARN_STRICT_PROTOTYPES = YES;
				CLANG_WARN_SUSPICIOUS_MOVE = YES;
				CLANG_WARN_UNGUARDED_AVAILABILITY = YES_AGGRESSIVE;
				CLANG_WARN_UNREACHABLE_CODE = YES;
				CLANG_WARN__DUPLICATE_METHOD_MATCH = YES;
				COPY_PHASE_STRIP = NO;
				DEBUG_INFORMATION_FORMAT = dwarf;
				ENABLE_STRICT_OBJC_MSGSEND = YES;
				ENABLE_TESTABILITY = YES;
				GCC_C_LANGUAGE_STANDARD = gnu11;
				GCC_DYNAMIC_NO_PIC = NO;
				GCC_NO_COMMON_BLOCKS = YES;
				GCC_OPTIMIZATION_LEVEL = 0;
				GCC_PREPROCESSOR_DEFINITIONS = (
					"DEBUG=1",
					"$(inherited)",
				);
				GCC_WARN_64_TO_32_BIT_CONVERSION = YES;
				GCC_WARN_ABOUT_RETURN_TYPE = YES_ERROR;
				GCC_WARN_UNDECLARED_SELECTOR = YES;
				GCC_WARN_UNINITIALIZED_AUTOS = YES_AGGRESSIVE;
				GCC_WARN_UNUSED_FUNCTION = YES;
				GCC_WARN_UNUSED_VARIABLE = YES;
				IPHONEOS_DEPLOYMENT_TARGET = 16.4;
				MTL_ENABLE_DEBUG_INFO = INCLUDE_SOURCE;
				MTL_FAST_MATH = YES;
				ONLY_ACTIVE_ARCH = YES;
				SDKROOT = iphoneos;
				SWIFT_ACTIVE_COMPILATION_CONDITIONS = DEBUG;
				SWIFT_OPTIMIZATION_LEVEL = "-Onone";
			};
			name = Debug;
		};
		7673CCD329F2CAFC00FD1AED /* Release */ = {
			isa = XCBuildConfiguration;
			buildSettings = {
				ALWAYS_SEARCH_USER_PATHS = NO;
				CLANG_ANALYZER_NONNULL = YES;
				CLANG_ANALYZER_NUMBER_OBJECT_CONVERSION = YES_AGGRESSIVE;
				CLANG_CXX_LANGUAGE_STANDARD = "gnu++20";
				CLANG_ENABLE_MODULES = YES;
				CLANG_ENABLE_OBJC_ARC = YES;
				CLANG_ENABLE_OBJC_WEAK = YES;
				CLANG_WARN_BLOCK_CAPTURE_AUTORELEASING = YES;
				CLANG_WARN_BOOL_CONVERSION = YES;
				CLANG_WARN_COMMA = YES;
				CLANG_WARN_CONSTANT_CONVERSION = YES;
				CLANG_WARN_DEPRECATED_OBJC_IMPLEMENTATIONS = YES;
				CLANG_WARN_DIRECT_OBJC_ISA_USAGE = YES_ERROR;
				CLANG_WARN_DOCUMENTATION_COMMENTS = YES;
				CLANG_WARN_EMPTY_BODY = YES;
				CLANG_WARN_ENUM_CONVERSION = YES;
				CLANG_WARN_INFINITE_RECURSION = YES;
				CLANG_WARN_INT_CONVERSION = YES;
				CLANG_WARN_NON_LITERAL_NULL_CONVERSION = YES;
				CLANG_WARN_OBJC_IMPLICIT_RETAIN_SELF = YES;
				CLANG_WARN_OBJC_LITERAL_CONVERSION = YES;
				CLANG_WARN_OBJC_ROOT_CLASS = YES_ERROR;
				CLANG_WARN_QUOTED_INCLUDE_IN_FRAMEWORK_HEADER = YES;
				CLANG_WARN_RANGE_LOOP_ANALYSIS = YES;
				CLANG_WARN_STRICT_PROTOTYPES = YES;
				CLANG_WARN_SUSPICIOUS_MOVE = YES;
				CLANG_WARN_UNGUARDED_AVAILABILITY = YES_AGGRESSIVE;
				CLANG_WARN_UNREACHABLE_CODE = YES;
				CLANG_WARN__DUPLICATE_METHOD_MATCH = YES;
				COPY_PHASE_STRIP = NO;
				DEBUG_INFORMATION_FORMAT = "dwarf-with-dsym";
				ENABLE_NS_ASSERTIONS = NO;
				ENABLE_STRICT_OBJC_MSGSEND = YES;
				GCC_C_LANGUAGE_STANDARD = gnu11;
				GCC_NO_COMMON_BLOCKS = YES;
				GCC_WARN_64_TO_32_BIT_CONVERSION = YES;
				GCC_WARN_ABOUT_RETURN_TYPE = YES_ERROR;
				GCC_WARN_UNDECLARED_SELECTOR = YES;
				GCC_WARN_UNINITIALIZED_AUTOS = YES_AGGRESSIVE;
				GCC_WARN_UNUSED_FUNCTION = YES;
				GCC_WARN_UNUSED_VARIABLE = YES;
				IPHONEOS_DEPLOYMENT_TARGET = 16.4;
				MTL_ENABLE_DEBUG_INFO = NO;
				MTL_FAST_MATH = YES;
				SDKROOT = iphoneos;
				SWIFT_COMPILATION_MODE = wholemodule;
				SWIFT_OPTIMIZATION_LEVEL = "-O";
				VALIDATE_PRODUCT = YES;
			};
			name = Release;
		};
		7673CCD529F2CAFC00FD1AED /* Debug */ = {
			isa = XCBuildConfiguration;
			buildSettings = {
				ASSETCATALOG_COMPILER_APPICON_NAME = AppIcon;
				ASSETCATALOG_COMPILER_GLOBAL_ACCENT_COLOR_NAME = AccentColor;
				CODE_SIGN_STYLE = Automatic;
				CURRENT_PROJECT_VERSION = 1;
				DEVELOPMENT_TEAM = 9S5AJR5C22;
				GENERATE_INFOPLIST_FILE = YES;
				INFOPLIST_FILE = SevstarWetherApp/Info.plist;
				INFOPLIST_KEY_NSLocationWhenInUseUsageDescription = "Дайте пожалуйста доступ к своим геоданным для корректного предоставления погоды.";
				INFOPLIST_KEY_UIApplicationSupportsIndirectInputEvents = YES;
				INFOPLIST_KEY_UILaunchStoryboardName = LaunchScreen;
				INFOPLIST_KEY_UISupportedInterfaceOrientations = "UIInterfaceOrientationLandscapeLeft UIInterfaceOrientationLandscapeRight UIInterfaceOrientationPortrait";
				INFOPLIST_KEY_UISupportedInterfaceOrientations_iPad = "UIInterfaceOrientationLandscapeLeft UIInterfaceOrientationLandscapeRight UIInterfaceOrientationPortrait UIInterfaceOrientationPortraitUpsideDown";
				IPHONEOS_DEPLOYMENT_TARGET = 13.0;
				LD_RUNPATH_SEARCH_PATHS = (
					"$(inherited)",
					"@executable_path/Frameworks",
				);
				MARKETING_VERSION = 1.0;
				PRODUCT_BUNDLE_IDENTIFIER = rzamolotov.SevstarWetherApp;
				PRODUCT_NAME = "$(TARGET_NAME)";
				SUPPORTED_PLATFORMS = "iphoneos iphonesimulator";
				SUPPORTS_MACCATALYST = NO;
				SUPPORTS_MAC_DESIGNED_FOR_IPHONE_IPAD = NO;
				SWIFT_EMIT_LOC_STRINGS = YES;
				SWIFT_VERSION = 5.0;
				TARGETED_DEVICE_FAMILY = "1,2";
			};
			name = Debug;
		};
		7673CCD629F2CAFC00FD1AED /* Release */ = {
			isa = XCBuildConfiguration;
			buildSettings = {
				ASSETCATALOG_COMPILER_APPICON_NAME = AppIcon;
				ASSETCATALOG_COMPILER_GLOBAL_ACCENT_COLOR_NAME = AccentColor;
				CODE_SIGN_STYLE = Automatic;
				CURRENT_PROJECT_VERSION = 1;
				DEVELOPMENT_TEAM = 9S5AJR5C22;
				GENERATE_INFOPLIST_FILE = YES;
				INFOPLIST_FILE = SevstarWetherApp/Info.plist;
				INFOPLIST_KEY_NSLocationWhenInUseUsageDescription = "Дайте пожалуйста доступ к своим геоданным для корректного предоставления погоды.";
				INFOPLIST_KEY_UIApplicationSupportsIndirectInputEvents = YES;
				INFOPLIST_KEY_UILaunchStoryboardName = LaunchScreen;
				INFOPLIST_KEY_UISupportedInterfaceOrientations = "UIInterfaceOrientationLandscapeLeft UIInterfaceOrientationLandscapeRight UIInterfaceOrientationPortrait";
				INFOPLIST_KEY_UISupportedInterfaceOrientations_iPad = "UIInterfaceOrientationLandscapeLeft UIInterfaceOrientationLandscapeRight UIInterfaceOrientationPortrait UIInterfaceOrientationPortraitUpsideDown";
				IPHONEOS_DEPLOYMENT_TARGET = 13.0;
				LD_RUNPATH_SEARCH_PATHS = (
					"$(inherited)",
					"@executable_path/Frameworks",
				);
				MARKETING_VERSION = 1.0;
				PRODUCT_BUNDLE_IDENTIFIER = rzamolotov.SevstarWetherApp;
				PRODUCT_NAME = "$(TARGET_NAME)";
				SUPPORTED_PLATFORMS = "iphoneos iphonesimulator";
				SUPPORTS_MACCATALYST = NO;
				SUPPORTS_MAC_DESIGNED_FOR_IPHONE_IPAD = NO;
				SWIFT_EMIT_LOC_STRINGS = YES;
				SWIFT_VERSION = 5.0;
				TARGETED_DEVICE_FAMILY = "1,2";
			};
			name = Release;
		};
/* End XCBuildConfiguration section */

/* Begin XCConfigurationList section */
		7673CCBB29F2CAF900FD1AED /* Build configuration list for PBXProject "SevstarWetherApp" */ = {
			isa = XCConfigurationList;
			buildConfigurations = (
				7673CCD229F2CAFC00FD1AED /* Debug */,
				7673CCD329F2CAFC00FD1AED /* Release */,
			);
			defaultConfigurationIsVisible = 0;
			defaultConfigurationName = Release;
		};
		7673CCD429F2CAFC00FD1AED /* Build configuration list for PBXNativeTarget "SevstarWetherApp" */ = {
			isa = XCConfigurationList;
			buildConfigurations = (
				7673CCD529F2CAFC00FD1AED /* Debug */,
				7673CCD629F2CAFC00FD1AED /* Release */,
			);
			defaultConfigurationIsVisible = 0;
			defaultConfigurationName = Release;
		};
/* End XCConfigurationList section */
	};
	rootObject = 7673CCB829F2CAF900FD1AED /* Project object */;
}
